
Microsoft Visual Studio Solution File, Format Version 12.00
# Visual Studio 15
VisualStudioVersion = 15.0.28307.329
MinimumVisualStudioVersion = 10.0.40219.1
Project("{9A19103F-16F7-4668-BE54-9A1E7A4F7556}") = "XboxAPI.NET", "XboxAPI.NET.csproj", "{3B29E624-158F-4390-AF66-FEA37644F6E4}"
EndProject
Global
	GlobalSection(SolutionConfigurationPlatforms) = preSolution
		Debug|Any CPU = Debug|Any CPU
		Release|Any CPU = Release|Any CPU
	EndGlobalSection
	GlobalSection(ProjectConfigurationPlatforms) = postSolution
		{3B29E624-158F-4390-AF66-FEA37644F6E4}.Debug|Any CPU.ActiveCfg = Debug|Any CPU
		{3B29E624-158F-4390-AF66-FEA37644F6E4}.Debug|Any CPU.Build.0 = Debug|Any CPU
		{3B29E624-158F-4390-AF66-FEA37644F6E4}.Release|Any CPU.ActiveCfg = Release|Any CPU
		{3B29E624-158F-4390-AF66-FEA37644F6E4}.Release|Any CPU.Build.0 = Release|Any CPU
	EndGlobalSection
	GlobalSection(SolutionProperties) = preSolution
		HideSolutionNode = FALSE
	EndGlobalSection
	GlobalSection(ExtensibilityGlobals) = postSolution
		SolutionGuid = {97A29245-2406-4E9B-B489-353D6FDAA317}
	EndGlobalSection
EndGlobal
